
Microsoft Visual Studio Solution File, Format Version 12.00
# Visual Studio Version 17
VisualStudioVersion = 17.7.34031.279
MinimumVisualStudioVersion = 10.0.40219.1
Project("{FAE04EC0-301F-11D3-BF4B-00C04F79EFBC}") = "De01", "De01\De01.csproj", "{ADB570D6-69FD-4042-B2CF-D325800D6B48}"
EndProject
Global
	GlobalSection(SolutionConfigurationPlatforms) = preSolution
		Debug|Any CPU = Debug|Any CPU
		Release|Any CPU = Release|Any CPU
	EndGlobalSection
	GlobalSection(ProjectConfigurationPlatforms) = postSolution
		{ADB570D6-69FD-4042-B2CF-D325800D6B48}.Debug|Any CPU.ActiveCfg = Debug|Any CPU
		{ADB570D6-69FD-4042-B2CF-D325800D6B48}.Debug|Any CPU.Build.0 = Debug|Any CPU
		{ADB570D6-69FD-4042-B2CF-D325800D6B48}.Release|Any CPU.ActiveCfg = Release|Any CPU
		{ADB570D6-69FD-4042-B2CF-D325800D6B48}.Release|Any CPU.Build.0 = Release|Any CPU
	EndGlobalSection
	GlobalSection(SolutionProperties) = preSolution
		HideSolutionNode = FALSE
	EndGlobalSection
	GlobalSection(ExtensibilityGlobals) = postSolution
		SolutionGuid = {391A628A-78BD-48C4-9506-DC7F79386A8E}
	EndGlobalSection
EndGlobal
